
Microsoft Visual Studio Solution File, Format Version 12.00
# Visual Studio Version 16
VisualStudioVersion = 16.0.29905.134
MinimumVisualStudioVersion = 10.0.40219.1
Project("{8BC9CEB8-8B4A-11D0-8D11-00A0C91BC942}") = "MainExe", "BadLibrariesExe\BadLibrariesExe.vcxproj", "{A5E51A70-6311-444E-9A50-9595661C5C2D}"
EndProject
Project("{8BC9CEB8-8B4A-11D0-8D11-00A0C91BC942}") = "Core", "Core\Core.vcxproj", "{5DC81D63-EC79-4D3C-BE0F-7B36FD069376}"
EndProject
Project("{8BC9CEB8-8B4A-11D0-8D11-00A0C91BC942}") = "UILibrary", "UILibrary\UILibrary.vcxproj", "{1155E21A-D324-4653-BB87-68046CDEE6DA}"
EndProject
Project("{8BC9CEB8-8B4A-11D0-8D11-00A0C91BC942}") = "AppLibrary", "AppLibrary\AppLibrary.vcxproj", "{E654B7EA-F264-421D-8056-6F3C2CC7D47F}"
EndProject
Project("{8BC9CEB8-8B4A-11D0-8D11-00A0C91BC942}") = "Journaling", "Journaling\Journaling.vcxproj", "{3ED245AB-F27B-4166-8E34-F5F0F355BF0A}"
EndProject
Project("{8BC9CEB8-8B4A-11D0-8D11-00A0C91BC942}") = "JournaledCPPFileProject", "JournaledCPPFileProject\JournaledCPPFileProject.vcxproj", "{647DA963-4CD1-486B-9F9B-C8103B0DC59A}"
EndProject
Project("{8BC9CEB8-8B4A-11D0-8D11-00A0C91BC942}") = "AutomationBinding", "AutomationBinding\AutomationBinding.vcxproj", "{20BE2158-3D69-4CF3-8405-0E7C1D9F72D8}"
EndProject
Global
	GlobalSection(SolutionConfigurationPlatforms) = preSolution
		Debug|x64 = Debug|x64
		Debug|x86 = Debug|x86
		Release|x64 = Release|x64
		Release|x86 = Release|x86
	EndGlobalSection
	GlobalSection(ProjectConfigurationPlatforms) = postSolution
		{A5E51A70-6311-444E-9A50-9595661C5C2D}.Debug|x64.ActiveCfg = Debug|x64
		{A5E51A70-6311-444E-9A50-9595661C5C2D}.Debug|x64.Build.0 = Debug|x64
		{A5E51A70-6311-444E-9A50-9595661C5C2D}.Debug|x86.ActiveCfg = Debug|Win32
		{A5E51A70-6311-444E-9A50-9595661C5C2D}.Debug|x86.Build.0 = Debug|Win32
		{A5E51A70-6311-444E-9A50-9595661C5C2D}.Release|x64.ActiveCfg = Release|x64
		{A5E51A70-6311-444E-9A50-9595661C5C2D}.Release|x64.Build.0 = Release|x64
		{A5E51A70-6311-444E-9A50-9595661C5C2D}.Release|x86.ActiveCfg = Release|Win32
		{A5E51A70-6311-444E-9A50-9595661C5C2D}.Release|x86.Build.0 = Release|Win32
		{5DC81D63-EC79-4D3C-BE0F-7B36FD069376}.Debug|x64.ActiveCfg = Debug|x64
		{5DC81D63-EC79-4D3C-BE0F-7B36FD069376}.Debug|x64.Build.0 = Debug|x64
		{5DC81D63-EC79-4D3C-BE0F-7B36FD069376}.Debug|x86.ActiveCfg = Debug|Win32
		{5DC81D63-EC79-4D3C-BE0F-7B36FD069376}.Debug|x86.Build.0 = Debug|Win32
		{5DC81D63-EC79-4D3C-BE0F-7B36FD069376}.Release|x64.ActiveCfg = Release|x64
		{5DC81D63-EC79-4D3C-BE0F-7B36FD069376}.Release|x64.Build.0 = Release|x64
		{5DC81D63-EC79-4D3C-BE0F-7B36FD069376}.Release|x86.ActiveCfg = Release|Win32
		{5DC81D63-EC79-4D3C-BE0F-7B36FD069376}.Release|x86.Build.0 = Release|Win32
		{1155E21A-D324-4653-BB87-68046CDEE6DA}.Debug|x64.ActiveCfg = Debug|x64
		{1155E21A-D324-4653-BB87-68046CDEE6DA}.Debug|x64.Build.0 = Debug|x64
		{1155E21A-D324-4653-BB87-68046CDEE6DA}.Debug|x86.ActiveCfg = Debug|Win32
		{1155E21A-D324-4653-BB87-68046CDEE6DA}.Debug|x86.Build.0 = Debug|Win32
		{1155E21A-D324-4653-BB87-68046CDEE6DA}.Release|x64.ActiveCfg = Release|x64
		{1155E21A-D324-4653-BB87-68046CDEE6DA}.Release|x64.Build.0 = Release|x64
		{1155E21A-D324-4653-BB87-68046CDEE6DA}.Release|x86.ActiveCfg = Release|Win32
		{1155E21A-D324-4653-BB87-68046CDEE6DA}.Release|x86.Build.0 = Release|Win32
		{E654B7EA-F264-421D-8056-6F3C2CC7D47F}.Debug|x64.ActiveCfg = Debug|x64
		{E654B7EA-F264-421D-8056-6F3C2CC7D47F}.Debug|x64.Build.0 = Debug|x64
		{E654B7EA-F264-421D-8056-6F3C2CC7D47F}.Debug|x86.ActiveCfg = Debug|Win32
		{E654B7EA-F264-421D-8056-6F3C2CC7D47F}.Debug|x86.Build.0 = Debug|Win32
		{E654B7EA-F264-421D-8056-6F3C2CC7D47F}.Release|x64.ActiveCfg = Release|x64
		{E654B7EA-F264-421D-8056-6F3C2CC7D47F}.Release|x64.Build.0 = Release|x64
		{E654B7EA-F264-421D-8056-6F3C2CC7D47F}.Release|x86.ActiveCfg = Release|Win32
		{E654B7EA-F264-421D-8056-6F3C2CC7D47F}.Release|x86.Build.0 = Release|Win32
		{3ED245AB-F27B-4166-8E34-F5F0F355BF0A}.Debug|x64.ActiveCfg = Debug|x64
		{3ED245AB-F27B-4166-8E34-F5F0F355BF0A}.Debug|x64.Build.0 = Debug|x64
		{3ED245AB-F27B-4166-8E34-F5F0F355BF0A}.Debug|x86.ActiveCfg = Debug|Win32
		{3ED245AB-F27B-4166-8E34-F5F0F355BF0A}.Debug|x86.Build.0 = Debug|Win32
		{3ED245AB-F27B-4166-8E34-F5F0F355BF0A}.Release|x64.ActiveCfg = Release|x64
		{3ED245AB-F27B-4166-8E34-F5F0F355BF0A}.Release|x64.Build.0 = Release|x64
		{3ED245AB-F27B-4166-8E34-F5F0F355BF0A}.Release|x86.ActiveCfg = Release|Win32
		{3ED245AB-F27B-4166-8E34-F5F0F355BF0A}.Release|x86.Build.0 = Release|Win32
		{647DA963-4CD1-486B-9F9B-C8103B0DC59A}.Debug|x64.ActiveCfg = Debug|x64
		{647DA963-4CD1-486B-9F9B-C8103B0DC59A}.Debug|x64.Build.0 = Debug|x64
		{647DA963-4CD1-486B-9F9B-C8103B0DC59A}.Debug|x86.ActiveCfg = Debug|Win32
		{647DA963-4CD1-486B-9F9B-C8103B0DC59A}.Debug|x86.Build.0 = Debug|Win32
		{647DA963-4CD1-486B-9F9B-C8103B0DC59A}.Release|x64.ActiveCfg = Release|x64
		{647DA963-4CD1-486B-9F9B-C8103B0DC59A}.Release|x64.Build.0 = Release|x64
		{647DA963-4CD1-486B-9F9B-C8103B0DC59A}.Release|x86.ActiveCfg = Release|Win32
		{647DA963-4CD1-486B-9F9B-C8103B0DC59A}.Release|x86.Build.0 = Release|Win32
		{20BE2158-3D69-4CF3-8405-0E7C1D9F72D8}.Debug|x64.ActiveCfg = Debug|x64
		{20BE2158-3D69-4CF3-8405-0E7C1D9F72D8}.Debug|x64.Build.0 = Debug|x64
		{20BE2158-3D69-4CF3-8405-0E7C1D9F72D8}.Debug|x86.ActiveCfg = Debug|Win32
		{20BE2158-3D69-4CF3-8405-0E7C1D9F72D8}.Debug|x86.Build.0 = Debug|Win32
		{20BE2158-3D69-4CF3-8405-0E7C1D9F72D8}.Release|x64.ActiveCfg = Release|x64
		{20BE2158-3D69-4CF3-8405-0E7C1D9F72D8}.Release|x64.Build.0 = Release|x64
		{20BE2158-3D69-4CF3-8405-0E7C1D9F72D8}.Release|x86.ActiveCfg = Release|Win32
		{20BE2158-3D69-4CF3-8405-0E7C1D9F72D8}.Release|x86.Build.0 = Release|Win32
	EndGlobalSection
	GlobalSection(SolutionProperties) = preSolution
		HideSolutionNode = FALSE
	EndGlobalSection
	GlobalSection(ExtensibilityGlobals) = postSolution
		SolutionGuid = {B7C895B9-0EE9-4800-8ECA-84D5C91DBE10}
	EndGlobalSection
EndGlobal
